{
  "name": "Portfolio",
  "lockfileVersion": 3,
  "requires": true,
  "packages": {
    "": {
      "dependencies": {
        "google-fonts": "^1.0.0"
      }
    },
    "node_modules/google-fonts": {
      "version": "1.0.0",
      "resolved": "https://registry.npmjs.org/google-fonts/-/google-fonts-1.0.0.tgz",
      "integrity": "sha512-i3zzI697L9WdmnaSqYB5KYN2fqDpjfpW+UTBdzhmte6JSvS2GOczZZtfocpWhwPwPqsEAH76/46DrsnD5W6BQQ==",
      "license": "MIT"
    }
  }
}
